
Microsoft Visual Studio Solution File, Format Version 12.00
# Visual Studio Version 17
VisualStudioVersion = 17.11.35208.52
MinimumVisualStudioVersion = 10.0.40219.1
Project("{2150E333-8FDC-42A3-9474-1A3956D46DE8}") = "src", "src", "{E9D158D4-F464-4CFE-AD91-5D0FFBB59075}"
EndProject
Project("{2150E333-8FDC-42A3-9474-1A3956D46DE8}") = "Building Block", "Building Block", "{A84A3880-7BE4-47E1-B142-32678B197C21}"
EndProject
Project("{2150E333-8FDC-42A3-9474-1A3956D46DE8}") = "Services", "Services", "{F3D89C9F-73C9-4210-B499-4C76EED1A5A3}"
EndProject
Project("{2150E333-8FDC-42A3-9474-1A3956D46DE8}") = "Web", "Web", "{C1352508-8550-4D51-AAAC-1B39A81A2F3D}"
EndProject
Project("{2150E333-8FDC-42A3-9474-1A3956D46DE8}") = "Identidade", "Identidade", "{1362A3D2-DAD9-49D8-904B-60A8C15C7831}"
EndProject
Project("{2150E333-8FDC-42A3-9474-1A3956D46DE8}") = "MVC", "MVC", "{569F4418-F572-4D26-BFDC-99487C6B8D82}"
EndProject
Project("{2150E333-8FDC-42A3-9474-1A3956D46DE8}") = "Core", "Core", "{AC735EFA-ABE8-4580-92A8-32052C63135E}"
EndProject
Project("{9A19103F-16F7-4668-BE54-9A1E7A4F7556}") = "RafaStore.Core", "src\building blocks\RafaStore.Core\RafaStore.Core.csproj", "{E18127FB-A4E8-4892-8CB4-4A151D3D72B3}"
EndProject
Project("{9A19103F-16F7-4668-BE54-9A1E7A4F7556}") = "RafaStore.Identidade.API", "src\services\RafaStore.Identidade.API\RafaStore.Identidade.API.csproj", "{27E20183-FDD3-44C2-8D58-07EA2CBC0CA4}"
EndProject
Project("{9A19103F-16F7-4668-BE54-9A1E7A4F7556}") = "RafaStore.WebApp.MVC", "src\web\RafaStore.WebApp.MVC\RafaStore.WebApp.MVC.csproj", "{B3A8B714-DC52-496A-9BE1-06F8A7929B79}"
EndProject
Global
	GlobalSection(SolutionConfigurationPlatforms) = preSolution
		Debug|Any CPU = Debug|Any CPU
		Release|Any CPU = Release|Any CPU
	EndGlobalSection
	GlobalSection(ProjectConfigurationPlatforms) = postSolution
		{E18127FB-A4E8-4892-8CB4-4A151D3D72B3}.Debug|Any CPU.ActiveCfg = Debug|Any CPU
		{E18127FB-A4E8-4892-8CB4-4A151D3D72B3}.Debug|Any CPU.Build.0 = Debug|Any CPU
		{E18127FB-A4E8-4892-8CB4-4A151D3D72B3}.Release|Any CPU.ActiveCfg = Release|Any CPU
		{E18127FB-A4E8-4892-8CB4-4A151D3D72B3}.Release|Any CPU.Build.0 = Release|Any CPU
		{27E20183-FDD3-44C2-8D58-07EA2CBC0CA4}.Debug|Any CPU.ActiveCfg = Debug|Any CPU
		{27E20183-FDD3-44C2-8D58-07EA2CBC0CA4}.Debug|Any CPU.Build.0 = Debug|Any CPU
		{27E20183-FDD3-44C2-8D58-07EA2CBC0CA4}.Release|Any CPU.ActiveCfg = Release|Any CPU
		{27E20183-FDD3-44C2-8D58-07EA2CBC0CA4}.Release|Any CPU.Build.0 = Release|Any CPU
		{B3A8B714-DC52-496A-9BE1-06F8A7929B79}.Debug|Any CPU.ActiveCfg = Debug|Any CPU
		{B3A8B714-DC52-496A-9BE1-06F8A7929B79}.Debug|Any CPU.Build.0 = Debug|Any CPU
		{B3A8B714-DC52-496A-9BE1-06F8A7929B79}.Release|Any CPU.ActiveCfg = Release|Any CPU
		{B3A8B714-DC52-496A-9BE1-06F8A7929B79}.Release|Any CPU.Build.0 = Release|Any CPU
	EndGlobalSection
	GlobalSection(SolutionProperties) = preSolution
		HideSolutionNode = FALSE
	EndGlobalSection
	GlobalSection(NestedProjects) = preSolution
		{A84A3880-7BE4-47E1-B142-32678B197C21} = {E9D158D4-F464-4CFE-AD91-5D0FFBB59075}
		{F3D89C9F-73C9-4210-B499-4C76EED1A5A3} = {E9D158D4-F464-4CFE-AD91-5D0FFBB59075}
		{C1352508-8550-4D51-AAAC-1B39A81A2F3D} = {E9D158D4-F464-4CFE-AD91-5D0FFBB59075}
		{1362A3D2-DAD9-49D8-904B-60A8C15C7831} = {F3D89C9F-73C9-4210-B499-4C76EED1A5A3}
		{569F4418-F572-4D26-BFDC-99487C6B8D82} = {C1352508-8550-4D51-AAAC-1B39A81A2F3D}
		{AC735EFA-ABE8-4580-92A8-32052C63135E} = {A84A3880-7BE4-47E1-B142-32678B197C21}
		{E18127FB-A4E8-4892-8CB4-4A151D3D72B3} = {AC735EFA-ABE8-4580-92A8-32052C63135E}
		{27E20183-FDD3-44C2-8D58-07EA2CBC0CA4} = {1362A3D2-DAD9-49D8-904B-60A8C15C7831}
		{B3A8B714-DC52-496A-9BE1-06F8A7929B79} = {569F4418-F572-4D26-BFDC-99487C6B8D82}
	EndGlobalSection
	GlobalSection(ExtensibilityGlobals) = postSolution
		SolutionGuid = {8462BED5-3FC1-4AE9-BFF1-0F63839B3F3A}
	EndGlobalSection
EndGlobal
