
Microsoft Visual Studio Solution File, Format Version 12.00
# Visual Studio Version 17
VisualStudioVersion = 17.11.35208.52
MinimumVisualStudioVersion = 10.0.40219.1
Project("{2150E333-8FDC-42A3-9474-1A3956D46DE8}") = "src", "src", "{E9D158D4-F464-4CFE-AD91-5D0FFBB59075}"
EndProject
Project("{2150E333-8FDC-42A3-9474-1A3956D46DE8}") = "Building Block", "Building Block", "{A84A3880-7BE4-47E1-B142-32678B197C21}"
EndProject
Project("{2150E333-8FDC-42A3-9474-1A3956D46DE8}") = "Services", "Services", "{F3D89C9F-73C9-4210-B499-4C76EED1A5A3}"
EndProject
Project("{2150E333-8FDC-42A3-9474-1A3956D46DE8}") = "Web", "Web", "{C1352508-8550-4D51-AAAC-1B39A81A2F3D}"
EndProject
Project("{2150E333-8FDC-42A3-9474-1A3956D46DE8}") = "Identidade", "Identidade", "{1362A3D2-DAD9-49D8-904B-60A8C15C7831}"
EndProject
Project("{9A19103F-16F7-4668-BE54-9A1E7A4F7556}") = "RafaStore.Identidade.API", "RafaStore.Identidade.API\RafaStore.Identidade.API.csproj", "{672C99F0-6AC5-4FCC-A442-433C917D712C}"
EndProject
Project("{2150E333-8FDC-42A3-9474-1A3956D46DE8}") = "MVC", "MVC", "{569F4418-F572-4D26-BFDC-99487C6B8D82}"
EndProject
Project("{9A19103F-16F7-4668-BE54-9A1E7A4F7556}") = "RafaStore.WebApp.MVC", "RafaStore.WebApp.MVC\RafaStore.WebApp.MVC.csproj", "{3FAF61C6-077F-4AC2-94EC-CDC82543336F}"
EndProject
Project("{2150E333-8FDC-42A3-9474-1A3956D46DE8}") = "Core", "Core", "{AC735EFA-ABE8-4580-92A8-32052C63135E}"
EndProject
Project("{9A19103F-16F7-4668-BE54-9A1E7A4F7556}") = "RafaStore.Core", "RafaStore.Core\RafaStore.Core.csproj", "{A4F89C79-E6D9-47A3-8F4C-9D7C146AEFC4}"
EndProject
Global
	GlobalSection(SolutionConfigurationPlatforms) = preSolution
		Debug|Any CPU = Debug|Any CPU
		Release|Any CPU = Release|Any CPU
	EndGlobalSection
	GlobalSection(ProjectConfigurationPlatforms) = postSolution
		{672C99F0-6AC5-4FCC-A442-433C917D712C}.Debug|Any CPU.ActiveCfg = Debug|Any CPU
		{672C99F0-6AC5-4FCC-A442-433C917D712C}.Debug|Any CPU.Build.0 = Debug|Any CPU
		{672C99F0-6AC5-4FCC-A442-433C917D712C}.Release|Any CPU.ActiveCfg = Release|Any CPU
		{672C99F0-6AC5-4FCC-A442-433C917D712C}.Release|Any CPU.Build.0 = Release|Any CPU
		{3FAF61C6-077F-4AC2-94EC-CDC82543336F}.Debug|Any CPU.ActiveCfg = Debug|Any CPU
		{3FAF61C6-077F-4AC2-94EC-CDC82543336F}.Debug|Any CPU.Build.0 = Debug|Any CPU
		{3FAF61C6-077F-4AC2-94EC-CDC82543336F}.Release|Any CPU.ActiveCfg = Release|Any CPU
		{3FAF61C6-077F-4AC2-94EC-CDC82543336F}.Release|Any CPU.Build.0 = Release|Any CPU
		{A4F89C79-E6D9-47A3-8F4C-9D7C146AEFC4}.Debug|Any CPU.ActiveCfg = Debug|Any CPU
		{A4F89C79-E6D9-47A3-8F4C-9D7C146AEFC4}.Debug|Any CPU.Build.0 = Debug|Any CPU
		{A4F89C79-E6D9-47A3-8F4C-9D7C146AEFC4}.Release|Any CPU.ActiveCfg = Release|Any CPU
		{A4F89C79-E6D9-47A3-8F4C-9D7C146AEFC4}.Release|Any CPU.Build.0 = Release|Any CPU
	EndGlobalSection
	GlobalSection(SolutionProperties) = preSolution
		HideSolutionNode = FALSE
	EndGlobalSection
	GlobalSection(NestedProjects) = preSolution
		{A84A3880-7BE4-47E1-B142-32678B197C21} = {E9D158D4-F464-4CFE-AD91-5D0FFBB59075}
		{F3D89C9F-73C9-4210-B499-4C76EED1A5A3} = {E9D158D4-F464-4CFE-AD91-5D0FFBB59075}
		{C1352508-8550-4D51-AAAC-1B39A81A2F3D} = {E9D158D4-F464-4CFE-AD91-5D0FFBB59075}
		{1362A3D2-DAD9-49D8-904B-60A8C15C7831} = {F3D89C9F-73C9-4210-B499-4C76EED1A5A3}
		{672C99F0-6AC5-4FCC-A442-433C917D712C} = {1362A3D2-DAD9-49D8-904B-60A8C15C7831}
		{569F4418-F572-4D26-BFDC-99487C6B8D82} = {C1352508-8550-4D51-AAAC-1B39A81A2F3D}
		{3FAF61C6-077F-4AC2-94EC-CDC82543336F} = {569F4418-F572-4D26-BFDC-99487C6B8D82}
		{AC735EFA-ABE8-4580-92A8-32052C63135E} = {A84A3880-7BE4-47E1-B142-32678B197C21}
		{A4F89C79-E6D9-47A3-8F4C-9D7C146AEFC4} = {AC735EFA-ABE8-4580-92A8-32052C63135E}
	EndGlobalSection
	GlobalSection(ExtensibilityGlobals) = postSolution
		SolutionGuid = {8462BED5-3FC1-4AE9-BFF1-0F63839B3F3A}
	EndGlobalSection
EndGlobal
